
Microsoft Visual Studio Solution File, Format Version 12.00
# Visual Studio Version 17
VisualStudioVersion = 17.3.32611.2
MinimumVisualStudioVersion = 10.0.40219.1
Project("{2150E333-8FDC-42A3-9474-1A3956D46DE8}") = "apps", "apps", "{12E388B9-6BE4-43A2-BD44-EFFA22C2E1D3}"
EndProject
Project("{2150E333-8FDC-42A3-9474-1A3956D46DE8}") = "gateway", "gateway", "{AB6AE794-B303-438B-A848-EAD7E8D8EB54}"
EndProject
Project("{9A19103F-16F7-4668-BE54-9A1E7A4F7556}") = "Based.PublicGateway", "gateway\Based.Gateway\Based.PublicGateway.csproj", "{7C2ED8EB-9017-4A44-B61F-DE0799E125C5}"
EndProject
Project("{2150E333-8FDC-42A3-9474-1A3956D46DE8}") = "services", "services", "{29AB65D2-64AF-42F2-913E-184F6802FCE6}"
EndProject
Project("{2150E333-8FDC-42A3-9474-1A3956D46DE8}") = "administration", "administration", "{CC98979A-667C-473D-A9A3-B69A502A7CAA}"
EndProject
Project("{2150E333-8FDC-42A3-9474-1A3956D46DE8}") = "identity", "identity", "{27AA0507-DBB6-4D1C-AC9E-A38F44D66EF9}"
EndProject
Project("{2150E333-8FDC-42A3-9474-1A3956D46DE8}") = "saas", "saas", "{9DF0B5E0-3A83-47C6-B0BD-6EADADD641F8}"
EndProject
Project("{2150E333-8FDC-42A3-9474-1A3956D46DE8}") = "shared", "shared", "{B3CCE24D-33D3-4EA8-947E-8951A7359C69}"
EndProject
Project("{9A19103F-16F7-4668-BE54-9A1E7A4F7556}") = "Based.DbMigrator", "shared\Based.DbMigrator\Based.DbMigrator.csproj", "{B1AC16A7-917B-4D2D-8156-329F69E328A1}"
EndProject
Project("{2150E333-8FDC-42A3-9474-1A3956D46DE8}") = "Solution Items", "Solution Items", "{6D831FB8-36B9-403A-8EC5-0668AD0CE5DF}"
	ProjectSection(SolutionItems) = preProject
		LICENSE = LICENSE
		tye.yaml = tye.yaml
	EndProjectSection
EndProject
Project("{9A19103F-16F7-4668-BE54-9A1E7A4F7556}") = "Based.Shared.Microservices", "shared\Based.Shared.Microservices\Based.Shared.Microservices.csproj", "{C3B0B3C4-B108-4519-AAB1-B86B9AFB39A0}"
EndProject
Project("{9A19103F-16F7-4668-BE54-9A1E7A4F7556}") = "Based.Shared.Hosting", "shared\Based.Shared.Hosting\Based.Shared.Hosting.csproj", "{EE98A24F-BC7A-4633-A9E4-33E4E23BD349}"
EndProject
Project("{2150E333-8FDC-42A3-9474-1A3956D46DE8}") = "based", "based", "{05408124-3E15-4CA9-8564-016811E47164}"
EndProject
Project("{9A19103F-16F7-4668-BE54-9A1E7A4F7556}") = "Based.HttpApi.Client", "services\based\src\Based.HttpApi.Client\Based.HttpApi.Client.csproj", "{68820B2D-ED18-49E0-B856-68206B6DE4F6}"
EndProject
Project("{9A19103F-16F7-4668-BE54-9A1E7A4F7556}") = "Based.HttpApi", "services\based\src\Based.HttpApi\Based.HttpApi.csproj", "{34E40DAC-6228-4CC3-B82F-A7502C6CCC05}"
EndProject
Project("{9A19103F-16F7-4668-BE54-9A1E7A4F7556}") = "Based.EntityFrameworkCore", "services\based\src\Based.EntityFrameworkCore\Based.EntityFrameworkCore.csproj", "{B2D8957E-43CD-4283-BA85-D2C03FE6CE02}"
EndProject
Project("{9A19103F-16F7-4668-BE54-9A1E7A4F7556}") = "Based.Domain", "services\based\src\Based.Domain\Based.Domain.csproj", "{0079669D-B203-491D-B8D0-8ACCEC2DF382}"
EndProject
Project("{9A19103F-16F7-4668-BE54-9A1E7A4F7556}") = "Based.Application.Contracts", "services\based\src\Based.Application.Contracts\Based.Application.Contracts.csproj", "{85F6E483-0A68-4102-9292-00AD33F9009E}"
EndProject
Project("{9A19103F-16F7-4668-BE54-9A1E7A4F7556}") = "Based.Application", "services\based\src\Based.Application\Based.Application.csproj", "{026C8F58-9F9E-459E-9A3B-2D825250E2D5}"
EndProject
Project("{9A19103F-16F7-4668-BE54-9A1E7A4F7556}") = "Based.HttpApi.Host", "services\based\host\Based.HttpApi.Host\Based.HttpApi.Host.csproj", "{2187E2DB-CA64-4758-BE10-135AD0577AF5}"
EndProject
Project("{9A19103F-16F7-4668-BE54-9A1E7A4F7556}") = "Based.Web", "apps\Based.Web\Based.Web.csproj", "{AA4ADABD-00FF-459E-AC7C-1D426689EE08}"
EndProject
Project("{9A19103F-16F7-4668-BE54-9A1E7A4F7556}") = "Based.IdentityServer", "apps\Based.IdentityServer\Based.IdentityServer.csproj", "{7B33D351-8DFC-4BC3-BC0B-03DB801A6E26}"
EndProject
Project("{2150E333-8FDC-42A3-9474-1A3956D46DE8}") = "quanlysangkien", "quanlysangkien", "{91DA788F-8F29-44A0-8135-C861D6ADF03B}"
EndProject
Project("{2150E333-8FDC-42A3-9474-1A3956D46DE8}") = "test", "test", "{970291AE-D9E6-4BC5-948E-2C4BAAECDBBD}"
EndProject
Project("{9A19103F-16F7-4668-BE54-9A1E7A4F7556}") = "Based.Application.Tests", "services\based\test\Based.Application.Tests\Based.Application.Tests.csproj", "{39719BB5-689D-4D76-8CDC-60779027C06F}"
EndProject
Project("{9A19103F-16F7-4668-BE54-9A1E7A4F7556}") = "Based.Domain.Tests", "services\based\test\Based.Domain.Tests\Based.Domain.Tests.csproj", "{5571C04A-5345-470A-8AA2-D92F1F3257E8}"
EndProject
Project("{9A19103F-16F7-4668-BE54-9A1E7A4F7556}") = "Based.EntityFrameworkCore.Tests", "services\based\test\Based.EntityFrameworkCore.Tests\Based.EntityFrameworkCore.Tests.csproj", "{AE9984A7-15ED-4C28-8E2F-332174B38B90}"
EndProject
Project("{9A19103F-16F7-4668-BE54-9A1E7A4F7556}") = "Based.HttpApi.Client.ConsoleTestApp", "services\based\test\Based.HttpApi.Client.ConsoleTestApp\Based.HttpApi.Client.ConsoleTestApp.csproj", "{6A444575-FC9B-4982-B68F-5CB6FC8ADDA6}"
EndProject
Project("{9A19103F-16F7-4668-BE54-9A1E7A4F7556}") = "Based.TestBase", "services\based\test\Based.TestBase\Based.TestBase.csproj", "{90B34D1D-A2FA-4AB0-8BB9-70EC0AACF8D5}"
EndProject
Project("{9A19103F-16F7-4668-BE54-9A1E7A4F7556}") = "Based.Domain.Shared", "services\based\src\Based.Domain.Shared\Based.Domain.Shared.csproj", "{059EE794-FEED-4FA0-81D7-C69BF4200E6D}"
EndProject
Project("{2150E333-8FDC-42A3-9474-1A3956D46DE8}") = "module", "module", "{03635BD0-9161-47BD-A46C-39359618F195}"
EndProject
Project("{9A19103F-16F7-4668-BE54-9A1E7A4F7556}") = "QuanLySangKien.HttpApi.Host", "services\quanlysangkien\host\QuanLySangKien.HttpApi.Host\QuanLySangKien.HttpApi.Host.csproj", "{5F2D48E7-F412-41B0-806C-6D3902ABFED4}"
EndProject
Project("{9A19103F-16F7-4668-BE54-9A1E7A4F7556}") = "QuanLySangKien.Application", "services\quanlysangkien\src\QuanLySangKien.Application\QuanLySangKien.Application.csproj", "{BCDF140F-86C4-4DF6-A42C-7596E6D6A5DF}"
EndProject
Project("{9A19103F-16F7-4668-BE54-9A1E7A4F7556}") = "QuanLySangKien.Application.Contracts", "services\quanlysangkien\src\QuanLySangKien.Application.Contracts\QuanLySangKien.Application.Contracts.csproj", "{90D95DFD-86EA-464C-812D-48C03B3AF0A6}"
EndProject
Project("{9A19103F-16F7-4668-BE54-9A1E7A4F7556}") = "QuanLySangKien.Domain", "services\quanlysangkien\src\QuanLySangKien.Domain\QuanLySangKien.Domain.csproj", "{B8FE2D82-7128-4A0B-B3B5-189B7172A6DD}"
EndProject
Project("{9A19103F-16F7-4668-BE54-9A1E7A4F7556}") = "QuanLySangKien.Domain.Shared", "services\quanlysangkien\src\QuanLySangKien.Domain.Shared\QuanLySangKien.Domain.Shared.csproj", "{CB057DA2-F2DE-4398-B4A9-F380B297303B}"
EndProject
Project("{9A19103F-16F7-4668-BE54-9A1E7A4F7556}") = "QuanLySangKien.EntityFrameworkCore", "services\quanlysangkien\src\QuanLySangKien.EntityFrameworkCore\QuanLySangKien.EntityFrameworkCore.csproj", "{B176A9B6-7A74-4407-BF26-5ED3D93D2D71}"
EndProject
Project("{9A19103F-16F7-4668-BE54-9A1E7A4F7556}") = "QuanLySangKien.HttpApi", "services\quanlysangkien\src\QuanLySangKien.HttpApi\QuanLySangKien.HttpApi.csproj", "{3736CD95-C633-4D2F-9C29-0C4A912DF7A7}"
EndProject
Project("{9A19103F-16F7-4668-BE54-9A1E7A4F7556}") = "QuanLySangKien.HttpApi.Client", "services\quanlysangkien\src\QuanLySangKien.HttpApi.Client\QuanLySangKien.HttpApi.Client.csproj", "{C42541B9-71C7-48AB-B6B5-FAB3A2F5677F}"
EndProject
Project("{9A19103F-16F7-4668-BE54-9A1E7A4F7556}") = "QuanLySangKien.Web", "services\quanlysangkien\src\QuanLySangKien.Web\QuanLySangKien.Web.csproj", "{7672E3D8-8E1F-4193-9872-42270B2AA80A}"
EndProject
Global
	GlobalSection(SolutionConfigurationPlatforms) = preSolution
		Debug|Any CPU = Debug|Any CPU
		Release|Any CPU = Release|Any CPU
	EndGlobalSection
	GlobalSection(ProjectConfigurationPlatforms) = postSolution
		{7C2ED8EB-9017-4A44-B61F-DE0799E125C5}.Debug|Any CPU.ActiveCfg = Debug|Any CPU
		{7C2ED8EB-9017-4A44-B61F-DE0799E125C5}.Debug|Any CPU.Build.0 = Debug|Any CPU
		{7C2ED8EB-9017-4A44-B61F-DE0799E125C5}.Release|Any CPU.ActiveCfg = Release|Any CPU
		{7C2ED8EB-9017-4A44-B61F-DE0799E125C5}.Release|Any CPU.Build.0 = Release|Any CPU
		{B1AC16A7-917B-4D2D-8156-329F69E328A1}.Debug|Any CPU.ActiveCfg = Debug|Any CPU
		{B1AC16A7-917B-4D2D-8156-329F69E328A1}.Debug|Any CPU.Build.0 = Debug|Any CPU
		{B1AC16A7-917B-4D2D-8156-329F69E328A1}.Release|Any CPU.ActiveCfg = Release|Any CPU
		{B1AC16A7-917B-4D2D-8156-329F69E328A1}.Release|Any CPU.Build.0 = Release|Any CPU
		{C3B0B3C4-B108-4519-AAB1-B86B9AFB39A0}.Debug|Any CPU.ActiveCfg = Debug|Any CPU
		{C3B0B3C4-B108-4519-AAB1-B86B9AFB39A0}.Debug|Any CPU.Build.0 = Debug|Any CPU
		{C3B0B3C4-B108-4519-AAB1-B86B9AFB39A0}.Release|Any CPU.ActiveCfg = Release|Any CPU
		{C3B0B3C4-B108-4519-AAB1-B86B9AFB39A0}.Release|Any CPU.Build.0 = Release|Any CPU
		{EE98A24F-BC7A-4633-A9E4-33E4E23BD349}.Debug|Any CPU.ActiveCfg = Debug|Any CPU
		{EE98A24F-BC7A-4633-A9E4-33E4E23BD349}.Debug|Any CPU.Build.0 = Debug|Any CPU
		{EE98A24F-BC7A-4633-A9E4-33E4E23BD349}.Release|Any CPU.ActiveCfg = Release|Any CPU
		{EE98A24F-BC7A-4633-A9E4-33E4E23BD349}.Release|Any CPU.Build.0 = Release|Any CPU
		{68820B2D-ED18-49E0-B856-68206B6DE4F6}.Debug|Any CPU.ActiveCfg = Debug|Any CPU
		{68820B2D-ED18-49E0-B856-68206B6DE4F6}.Debug|Any CPU.Build.0 = Debug|Any CPU
		{68820B2D-ED18-49E0-B856-68206B6DE4F6}.Release|Any CPU.ActiveCfg = Release|Any CPU
		{68820B2D-ED18-49E0-B856-68206B6DE4F6}.Release|Any CPU.Build.0 = Release|Any CPU
		{34E40DAC-6228-4CC3-B82F-A7502C6CCC05}.Debug|Any CPU.ActiveCfg = Debug|Any CPU
		{34E40DAC-6228-4CC3-B82F-A7502C6CCC05}.Debug|Any CPU.Build.0 = Debug|Any CPU
		{34E40DAC-6228-4CC3-B82F-A7502C6CCC05}.Release|Any CPU.ActiveCfg = Release|Any CPU
		{34E40DAC-6228-4CC3-B82F-A7502C6CCC05}.Release|Any CPU.Build.0 = Release|Any CPU
		{B2D8957E-43CD-4283-BA85-D2C03FE6CE02}.Debug|Any CPU.ActiveCfg = Debug|Any CPU
		{B2D8957E-43CD-4283-BA85-D2C03FE6CE02}.Debug|Any CPU.Build.0 = Debug|Any CPU
		{B2D8957E-43CD-4283-BA85-D2C03FE6CE02}.Release|Any CPU.ActiveCfg = Release|Any CPU
		{B2D8957E-43CD-4283-BA85-D2C03FE6CE02}.Release|Any CPU.Build.0 = Release|Any CPU
		{0079669D-B203-491D-B8D0-8ACCEC2DF382}.Debug|Any CPU.ActiveCfg = Debug|Any CPU
		{0079669D-B203-491D-B8D0-8ACCEC2DF382}.Debug|Any CPU.Build.0 = Debug|Any CPU
		{0079669D-B203-491D-B8D0-8ACCEC2DF382}.Release|Any CPU.ActiveCfg = Release|Any CPU
		{0079669D-B203-491D-B8D0-8ACCEC2DF382}.Release|Any CPU.Build.0 = Release|Any CPU
		{85F6E483-0A68-4102-9292-00AD33F9009E}.Debug|Any CPU.ActiveCfg = Debug|Any CPU
		{85F6E483-0A68-4102-9292-00AD33F9009E}.Debug|Any CPU.Build.0 = Debug|Any CPU
		{85F6E483-0A68-4102-9292-00AD33F9009E}.Release|Any CPU.ActiveCfg = Release|Any CPU
		{85F6E483-0A68-4102-9292-00AD33F9009E}.Release|Any CPU.Build.0 = Release|Any CPU
		{026C8F58-9F9E-459E-9A3B-2D825250E2D5}.Debug|Any CPU.ActiveCfg = Debug|Any CPU
		{026C8F58-9F9E-459E-9A3B-2D825250E2D5}.Debug|Any CPU.Build.0 = Debug|Any CPU
		{026C8F58-9F9E-459E-9A3B-2D825250E2D5}.Release|Any CPU.ActiveCfg = Release|Any CPU
		{026C8F58-9F9E-459E-9A3B-2D825250E2D5}.Release|Any CPU.Build.0 = Release|Any CPU
		{2187E2DB-CA64-4758-BE10-135AD0577AF5}.Debug|Any CPU.ActiveCfg = Debug|Any CPU
		{2187E2DB-CA64-4758-BE10-135AD0577AF5}.Debug|Any CPU.Build.0 = Debug|Any CPU
		{2187E2DB-CA64-4758-BE10-135AD0577AF5}.Release|Any CPU.ActiveCfg = Release|Any CPU
		{2187E2DB-CA64-4758-BE10-135AD0577AF5}.Release|Any CPU.Build.0 = Release|Any CPU
		{AA4ADABD-00FF-459E-AC7C-1D426689EE08}.Debug|Any CPU.ActiveCfg = Debug|Any CPU
		{AA4ADABD-00FF-459E-AC7C-1D426689EE08}.Debug|Any CPU.Build.0 = Debug|Any CPU
		{AA4ADABD-00FF-459E-AC7C-1D426689EE08}.Release|Any CPU.ActiveCfg = Release|Any CPU
		{AA4ADABD-00FF-459E-AC7C-1D426689EE08}.Release|Any CPU.Build.0 = Release|Any CPU
		{7B33D351-8DFC-4BC3-BC0B-03DB801A6E26}.Debug|Any CPU.ActiveCfg = Debug|Any CPU
		{7B33D351-8DFC-4BC3-BC0B-03DB801A6E26}.Debug|Any CPU.Build.0 = Debug|Any CPU
		{7B33D351-8DFC-4BC3-BC0B-03DB801A6E26}.Release|Any CPU.ActiveCfg = Release|Any CPU
		{7B33D351-8DFC-4BC3-BC0B-03DB801A6E26}.Release|Any CPU.Build.0 = Release|Any CPU
		{39719BB5-689D-4D76-8CDC-60779027C06F}.Debug|Any CPU.ActiveCfg = Debug|Any CPU
		{39719BB5-689D-4D76-8CDC-60779027C06F}.Debug|Any CPU.Build.0 = Debug|Any CPU
		{39719BB5-689D-4D76-8CDC-60779027C06F}.Release|Any CPU.ActiveCfg = Release|Any CPU
		{39719BB5-689D-4D76-8CDC-60779027C06F}.Release|Any CPU.Build.0 = Release|Any CPU
		{5571C04A-5345-470A-8AA2-D92F1F3257E8}.Debug|Any CPU.ActiveCfg = Debug|Any CPU
		{5571C04A-5345-470A-8AA2-D92F1F3257E8}.Debug|Any CPU.Build.0 = Debug|Any CPU
		{5571C04A-5345-470A-8AA2-D92F1F3257E8}.Release|Any CPU.ActiveCfg = Release|Any CPU
		{5571C04A-5345-470A-8AA2-D92F1F3257E8}.Release|Any CPU.Build.0 = Release|Any CPU
		{AE9984A7-15ED-4C28-8E2F-332174B38B90}.Debug|Any CPU.ActiveCfg = Debug|Any CPU
		{AE9984A7-15ED-4C28-8E2F-332174B38B90}.Debug|Any CPU.Build.0 = Debug|Any CPU
		{AE9984A7-15ED-4C28-8E2F-332174B38B90}.Release|Any CPU.ActiveCfg = Release|Any CPU
		{AE9984A7-15ED-4C28-8E2F-332174B38B90}.Release|Any CPU.Build.0 = Release|Any CPU
		{6A444575-FC9B-4982-B68F-5CB6FC8ADDA6}.Debug|Any CPU.ActiveCfg = Debug|Any CPU
		{6A444575-FC9B-4982-B68F-5CB6FC8ADDA6}.Debug|Any CPU.Build.0 = Debug|Any CPU
		{6A444575-FC9B-4982-B68F-5CB6FC8ADDA6}.Release|Any CPU.ActiveCfg = Release|Any CPU
		{6A444575-FC9B-4982-B68F-5CB6FC8ADDA6}.Release|Any CPU.Build.0 = Release|Any CPU
		{90B34D1D-A2FA-4AB0-8BB9-70EC0AACF8D5}.Debug|Any CPU.ActiveCfg = Debug|Any CPU
		{90B34D1D-A2FA-4AB0-8BB9-70EC0AACF8D5}.Debug|Any CPU.Build.0 = Debug|Any CPU
		{90B34D1D-A2FA-4AB0-8BB9-70EC0AACF8D5}.Release|Any CPU.ActiveCfg = Release|Any CPU
		{90B34D1D-A2FA-4AB0-8BB9-70EC0AACF8D5}.Release|Any CPU.Build.0 = Release|Any CPU
		{059EE794-FEED-4FA0-81D7-C69BF4200E6D}.Debug|Any CPU.ActiveCfg = Debug|Any CPU
		{059EE794-FEED-4FA0-81D7-C69BF4200E6D}.Debug|Any CPU.Build.0 = Debug|Any CPU
		{059EE794-FEED-4FA0-81D7-C69BF4200E6D}.Release|Any CPU.ActiveCfg = Release|Any CPU
		{059EE794-FEED-4FA0-81D7-C69BF4200E6D}.Release|Any CPU.Build.0 = Release|Any CPU
		{5F2D48E7-F412-41B0-806C-6D3902ABFED4}.Debug|Any CPU.ActiveCfg = Debug|Any CPU
		{5F2D48E7-F412-41B0-806C-6D3902ABFED4}.Debug|Any CPU.Build.0 = Debug|Any CPU
		{5F2D48E7-F412-41B0-806C-6D3902ABFED4}.Release|Any CPU.ActiveCfg = Release|Any CPU
		{5F2D48E7-F412-41B0-806C-6D3902ABFED4}.Release|Any CPU.Build.0 = Release|Any CPU
		{BCDF140F-86C4-4DF6-A42C-7596E6D6A5DF}.Debug|Any CPU.ActiveCfg = Debug|Any CPU
		{BCDF140F-86C4-4DF6-A42C-7596E6D6A5DF}.Debug|Any CPU.Build.0 = Debug|Any CPU
		{BCDF140F-86C4-4DF6-A42C-7596E6D6A5DF}.Release|Any CPU.ActiveCfg = Release|Any CPU
		{BCDF140F-86C4-4DF6-A42C-7596E6D6A5DF}.Release|Any CPU.Build.0 = Release|Any CPU
		{90D95DFD-86EA-464C-812D-48C03B3AF0A6}.Debug|Any CPU.ActiveCfg = Debug|Any CPU
		{90D95DFD-86EA-464C-812D-48C03B3AF0A6}.Debug|Any CPU.Build.0 = Debug|Any CPU
		{90D95DFD-86EA-464C-812D-48C03B3AF0A6}.Release|Any CPU.ActiveCfg = Release|Any CPU
		{90D95DFD-86EA-464C-812D-48C03B3AF0A6}.Release|Any CPU.Build.0 = Release|Any CPU
		{B8FE2D82-7128-4A0B-B3B5-189B7172A6DD}.Debug|Any CPU.ActiveCfg = Debug|Any CPU
		{B8FE2D82-7128-4A0B-B3B5-189B7172A6DD}.Debug|Any CPU.Build.0 = Debug|Any CPU
		{B8FE2D82-7128-4A0B-B3B5-189B7172A6DD}.Release|Any CPU.ActiveCfg = Release|Any CPU
		{B8FE2D82-7128-4A0B-B3B5-189B7172A6DD}.Release|Any CPU.Build.0 = Release|Any CPU
		{CB057DA2-F2DE-4398-B4A9-F380B297303B}.Debug|Any CPU.ActiveCfg = Debug|Any CPU
		{CB057DA2-F2DE-4398-B4A9-F380B297303B}.Debug|Any CPU.Build.0 = Debug|Any CPU
		{CB057DA2-F2DE-4398-B4A9-F380B297303B}.Release|Any CPU.ActiveCfg = Release|Any CPU
		{CB057DA2-F2DE-4398-B4A9-F380B297303B}.Release|Any CPU.Build.0 = Release|Any CPU
		{B176A9B6-7A74-4407-BF26-5ED3D93D2D71}.Debug|Any CPU.ActiveCfg = Debug|Any CPU
		{B176A9B6-7A74-4407-BF26-5ED3D93D2D71}.Debug|Any CPU.Build.0 = Debug|Any CPU
		{B176A9B6-7A74-4407-BF26-5ED3D93D2D71}.Release|Any CPU.ActiveCfg = Release|Any CPU
		{B176A9B6-7A74-4407-BF26-5ED3D93D2D71}.Release|Any CPU.Build.0 = Release|Any CPU
		{3736CD95-C633-4D2F-9C29-0C4A912DF7A7}.Debug|Any CPU.ActiveCfg = Debug|Any CPU
		{3736CD95-C633-4D2F-9C29-0C4A912DF7A7}.Debug|Any CPU.Build.0 = Debug|Any CPU
		{3736CD95-C633-4D2F-9C29-0C4A912DF7A7}.Release|Any CPU.ActiveCfg = Release|Any CPU
		{3736CD95-C633-4D2F-9C29-0C4A912DF7A7}.Release|Any CPU.Build.0 = Release|Any CPU
		{C42541B9-71C7-48AB-B6B5-FAB3A2F5677F}.Debug|Any CPU.ActiveCfg = Debug|Any CPU
		{C42541B9-71C7-48AB-B6B5-FAB3A2F5677F}.Debug|Any CPU.Build.0 = Debug|Any CPU
		{C42541B9-71C7-48AB-B6B5-FAB3A2F5677F}.Release|Any CPU.ActiveCfg = Release|Any CPU
		{C42541B9-71C7-48AB-B6B5-FAB3A2F5677F}.Release|Any CPU.Build.0 = Release|Any CPU
		{7672E3D8-8E1F-4193-9872-42270B2AA80A}.Debug|Any CPU.ActiveCfg = Debug|Any CPU
		{7672E3D8-8E1F-4193-9872-42270B2AA80A}.Debug|Any CPU.Build.0 = Debug|Any CPU
		{7672E3D8-8E1F-4193-9872-42270B2AA80A}.Release|Any CPU.ActiveCfg = Release|Any CPU
		{7672E3D8-8E1F-4193-9872-42270B2AA80A}.Release|Any CPU.Build.0 = Release|Any CPU
	EndGlobalSection
	GlobalSection(SolutionProperties) = preSolution
		HideSolutionNode = FALSE
	EndGlobalSection
	GlobalSection(NestedProjects) = preSolution
		{7C2ED8EB-9017-4A44-B61F-DE0799E125C5} = {AB6AE794-B303-438B-A848-EAD7E8D8EB54}
		{CC98979A-667C-473D-A9A3-B69A502A7CAA} = {29AB65D2-64AF-42F2-913E-184F6802FCE6}
		{27AA0507-DBB6-4D1C-AC9E-A38F44D66EF9} = {29AB65D2-64AF-42F2-913E-184F6802FCE6}
		{9DF0B5E0-3A83-47C6-B0BD-6EADADD641F8} = {29AB65D2-64AF-42F2-913E-184F6802FCE6}
		{B1AC16A7-917B-4D2D-8156-329F69E328A1} = {B3CCE24D-33D3-4EA8-947E-8951A7359C69}
		{C3B0B3C4-B108-4519-AAB1-B86B9AFB39A0} = {B3CCE24D-33D3-4EA8-947E-8951A7359C69}
		{EE98A24F-BC7A-4633-A9E4-33E4E23BD349} = {B3CCE24D-33D3-4EA8-947E-8951A7359C69}
		{05408124-3E15-4CA9-8564-016811E47164} = {29AB65D2-64AF-42F2-913E-184F6802FCE6}
		{68820B2D-ED18-49E0-B856-68206B6DE4F6} = {05408124-3E15-4CA9-8564-016811E47164}
		{34E40DAC-6228-4CC3-B82F-A7502C6CCC05} = {05408124-3E15-4CA9-8564-016811E47164}
		{B2D8957E-43CD-4283-BA85-D2C03FE6CE02} = {05408124-3E15-4CA9-8564-016811E47164}
		{0079669D-B203-491D-B8D0-8ACCEC2DF382} = {05408124-3E15-4CA9-8564-016811E47164}
		{85F6E483-0A68-4102-9292-00AD33F9009E} = {05408124-3E15-4CA9-8564-016811E47164}
		{026C8F58-9F9E-459E-9A3B-2D825250E2D5} = {05408124-3E15-4CA9-8564-016811E47164}
		{2187E2DB-CA64-4758-BE10-135AD0577AF5} = {05408124-3E15-4CA9-8564-016811E47164}
		{AA4ADABD-00FF-459E-AC7C-1D426689EE08} = {12E388B9-6BE4-43A2-BD44-EFFA22C2E1D3}
		{7B33D351-8DFC-4BC3-BC0B-03DB801A6E26} = {12E388B9-6BE4-43A2-BD44-EFFA22C2E1D3}
		{91DA788F-8F29-44A0-8135-C861D6ADF03B} = {29AB65D2-64AF-42F2-913E-184F6802FCE6}
		{970291AE-D9E6-4BC5-948E-2C4BAAECDBBD} = {05408124-3E15-4CA9-8564-016811E47164}
		{39719BB5-689D-4D76-8CDC-60779027C06F} = {970291AE-D9E6-4BC5-948E-2C4BAAECDBBD}
		{5571C04A-5345-470A-8AA2-D92F1F3257E8} = {970291AE-D9E6-4BC5-948E-2C4BAAECDBBD}
		{AE9984A7-15ED-4C28-8E2F-332174B38B90} = {970291AE-D9E6-4BC5-948E-2C4BAAECDBBD}
		{6A444575-FC9B-4982-B68F-5CB6FC8ADDA6} = {970291AE-D9E6-4BC5-948E-2C4BAAECDBBD}
		{90B34D1D-A2FA-4AB0-8BB9-70EC0AACF8D5} = {970291AE-D9E6-4BC5-948E-2C4BAAECDBBD}
		{059EE794-FEED-4FA0-81D7-C69BF4200E6D} = {05408124-3E15-4CA9-8564-016811E47164}
		{5F2D48E7-F412-41B0-806C-6D3902ABFED4} = {91DA788F-8F29-44A0-8135-C861D6ADF03B}
		{BCDF140F-86C4-4DF6-A42C-7596E6D6A5DF} = {91DA788F-8F29-44A0-8135-C861D6ADF03B}
		{90D95DFD-86EA-464C-812D-48C03B3AF0A6} = {91DA788F-8F29-44A0-8135-C861D6ADF03B}
		{B8FE2D82-7128-4A0B-B3B5-189B7172A6DD} = {91DA788F-8F29-44A0-8135-C861D6ADF03B}
		{CB057DA2-F2DE-4398-B4A9-F380B297303B} = {91DA788F-8F29-44A0-8135-C861D6ADF03B}
		{B176A9B6-7A74-4407-BF26-5ED3D93D2D71} = {91DA788F-8F29-44A0-8135-C861D6ADF03B}
		{3736CD95-C633-4D2F-9C29-0C4A912DF7A7} = {91DA788F-8F29-44A0-8135-C861D6ADF03B}
		{C42541B9-71C7-48AB-B6B5-FAB3A2F5677F} = {91DA788F-8F29-44A0-8135-C861D6ADF03B}
		{7672E3D8-8E1F-4193-9872-42270B2AA80A} = {91DA788F-8F29-44A0-8135-C861D6ADF03B}
	EndGlobalSection
	GlobalSection(ExtensibilityGlobals) = postSolution
		SolutionGuid = {B9AA7ACB-4D57-486A-B950-A64471E8B27C}
	EndGlobalSection
EndGlobal
